{"filter":false,"title":"Gemfile.lock","tooltip":"/Gemfile.lock","undoManager":{"mark":-1,"position":-1,"stack":[]},"ace":{"folds":[],"scrolltop":2234,"scrollleft":0,"selection":{"start":{"row":199,"column":0},"end":{"row":199,"column":0},"isBackwards":false},"options":{"guessTabSize":true,"useWrapMode":false,"wrapToView":true},"firstLineState":{"row":50,"state":"start","mode":"ace/mode/text"}},"timestamp":1560754332256,"hash":"ae3d108f95e8840baeca7c5feb997798854b9abd"}